
Microsoft Visual Studio Solution File, Format Version 12.00
# Visual Studio Version 17
VisualStudioVersion = 17.4.33205.214
MinimumVisualStudioVersion = 10.0.40219.1
Project("{FAE04EC0-301F-11D3-BF4B-00C04F79EFBC}") = "ShopEase", "ShopEase\ShopEase.csproj", "{72EAD0F3-7124-423F-95BF-328122035432}"
EndProject
Global
	GlobalSection(SolutionConfigurationPlatforms) = preSolution
		Debug|Any CPU = Debug|Any CPU
		Release|Any CPU = Release|Any CPU
	EndGlobalSection
	GlobalSection(ProjectConfigurationPlatforms) = postSolution
		{72EAD0F3-7124-423F-95BF-328122035432}.Debug|Any CPU.ActiveCfg = Debug|Any CPU
		{72EAD0F3-7124-423F-95BF-328122035432}.Debug|Any CPU.Build.0 = Debug|Any CPU
		{72EAD0F3-7124-423F-95BF-328122035432}.Release|Any CPU.ActiveCfg = Release|Any CPU
		{72EAD0F3-7124-423F-95BF-328122035432}.Release|Any CPU.Build.0 = Release|Any CPU
	EndGlobalSection
	GlobalSection(SolutionProperties) = preSolution
		HideSolutionNode = FALSE
	EndGlobalSection
	GlobalSection(ExtensibilityGlobals) = postSolution
		SolutionGuid = {FE3B7D86-9CD6-474F-AA6A-8591941464C2}
	EndGlobalSection
EndGlobal
